// !$*UTF8*$!
{
	archiveVersion = 1;
	classes = {
	};
	objectVersion = 77;
	objects = {

/* Begin PBXContainerItemProxy section */
		EBA16A542D8A799E0082248B /* PBXContainerItemProxy */ = {
			isa = PBXContainerItemProxy;
			containerPortal = EBA16A3B2D8A799D0082248B /* Project object */;
			proxyType = 1;
			remoteGlobalIDString = EBA16A422D8A799D0082248B;
			remoteInfo = BSDLink;
		};
		EBA16A5E2D8A799E0082248B /* PBXContainerItemProxy */ = {
			isa = PBXContainerItemProxy;
			containerPortal = EBA16A3B2D8A799D0082248B /* Project object */;
			proxyType = 1;
			remoteGlobalIDString = EBA16A422D8A799D0082248B;
			remoteInfo = BSDLink;
		};
/* End PBXContainerItemProxy section */

/* Begin PBXFileReference section */
		EBA16A432D8A799D0082248B /* BSDLink.app */ = {isa = PBXFileReference; explicitFileType = wrapper.application; includeInIndex = 0; path = BSDLink.app; sourceTree = BUILT_PRODUCTS_DIR; };
		EBA16A532D8A799E0082248B /* BSDLinkTests.xctest */ = {isa = PBXFileReference; explicitFileType = wrapper.cfbundle; includeInIndex = 0; path = BSDLinkTests.xctest; sourceTree = BUILT_PRODUCTS_DIR; };
		EBA16A5D2D8A799E0082248B /* BSDLinkUITests.xctest */ = {isa = PBXFileReference; explicitFileType = wrapper.cfbundle; includeInIndex = 0; path = BSDLinkUITests.xctest; sourceTree = BUILT_PRODUCTS_DIR; };
/* End PBXFileReference section */

/* Begin PBXFileSystemSynchronizedRootGroup section */
		EBA16A452D8A799D0082248B /* BSDLink */ = {
			isa = PBXFileSystemSynchronizedRootGroup;
			path = BSDLink;
			sourceTree = "<group>";
		};
		EBA16A562D8A799E0082248B /* BSDLinkTests */ = {
			isa = PBXFileSystemSynchronizedRootGroup;
			path = BSDLinkTests;
			sourceTree = "<group>";
		};
		EBA16A602D8A799E0082248B /* BSDLinkUITests */ = {
			isa = PBXFileSystemSynchronizedRootGroup;
			path = BSDLinkUITests;
			sourceTree = "<group>";
		};
/* End PBXFileSystemSynchronizedRootGroup section */

/* Begin PBXFrameworksBuildPhase section */
		EBA16A402D8A799D0082248B /* Frameworks */ = {
			isa = PBXFrameworksBuildPhase;
			buildActionMask = 2147483647;
			files = (
			);
			runOnlyForDeploymentPostprocessing = 0;
		};
		EBA16A502D8A799E0082248B /* Frameworks */ = {
			isa = PBXFrameworksBuildPhase;
			buildActionMask = 2147483647;
			files = (
			);
			runOnlyForDeploymentPostprocessing = 0;
		};
		EBA16A5A2D8A799E0082248B /* Frameworks */ = {
			isa = PBXFrameworksBuildPhase;
			buildActionMask = 2147483647;
			files = (
			);
			runOnlyForDeploymentPostprocessing = 0;
		};
/* End PBXFrameworksBuildPhase section */

/* Begin PBXGroup section */
		EBA16A3A2D8A799D0082248B = {
			isa = PBXGroup;
			children = (
				EBA16A452D8A799D0082248B /* BSDLink */,
				EBA16A562D8A799E0082248B /* BSDLinkTests */,
				EBA16A602D8A799E0082248B /* BSDLinkUITests */,
				EBA16A442D8A799D0082248B /* Products */,
			);
			sourceTree = "<group>";
		};
		EBA16A442D8A799D0082248B /* Products */ = {
			isa = PBXGroup;
			children = (
				EBA16A432D8A799D0082248B /* BSDLink.app */,
				EBA16A532D8A799E0082248B /* BSDLinkTests.xctest */,
				EBA16A5D2D8A799E0082248B /* BSDLinkUITests.xctest */,
			);
			name = Products;
			sourceTree = "<group>";
		};
/* End PBXGroup section */

/* Begin PBXNativeTarget section */
		EBA16A422D8A799D0082248B /* BSDLink */ = {
			isa = PBXNativeTarget;
			buildConfigurationList = EBA16A672D8A799E0082248B /* Build configuration list for PBXNativeTarget "BSDLink" */;
			buildPhases = (
				EBA16A3F2D8A799D0082248B /* Sources */,
				EBA16A402D8A799D0082248B /* Frameworks */,
				EBA16A412D8A799D0082248B /* Resources */,
			);
			buildRules = (
			);
			dependencies = (
			);
			fileSystemSynchronizedGroups = (
				EBA16A452D8A799D0082248B /* BSDLink */,
			);
			name = BSDLink;
			packageProductDependencies = (
			);
			productName = BSDLink;
			productReference = EBA16A432D8A799D0082248B /* BSDLink.app */;
			productType = "com.apple.product-type.application";
		};
		EBA16A522D8A799E0082248B /* BSDLinkTests */ = {
			isa = PBXNativeTarget;
			buildConfigurationList = EBA16A6A2D8A799E0082248B /* Build configuration list for PBXNativeTarget "BSDLinkTests" */;
			buildPhases = (
				EBA16A4F2D8A799E0082248B /* Sources */,
				EBA16A502D8A799E0082248B /* Frameworks */,
				EBA16A512D8A799E0082248B /* Resources */,
			);
			buildRules = (
			);
			dependencies = (
				EBA16A552D8A799E0082248B /* PBXTargetDependency */,
			);
			fileSystemSynchronizedGroups = (
				EBA16A562D8A799E0082248B /* BSDLinkTests */,
			);
			name = BSDLinkTests;
			packageProductDependencies = (
			);
			productName = BSDLinkTests;
			productReference = EBA16A532D8A799E0082248B /* BSDLinkTests.xctest */;
			productType = "com.apple.product-type.bundle.unit-test";
		};
		EBA16A5C2D8A799E0082248B /* BSDLinkUITests */ = {
			isa = PBXNativeTarget;
			buildConfigurationList = EBA16A6D2D8A799E0082248B /* Build configuration list for PBXNativeTarget "BSDLinkUITests" */;
			buildPhases = (
				EBA16A592D8A799E0082248B /* Sources */,
				EBA16A5A2D8A799E0082248B /* Frameworks */,
				EBA16A5B2D8A799E0082248B /* Resources */,
			);
			buildRules = (
			);
			dependencies = (
				EBA16A5F2D8A799E0082248B /* PBXTargetDependency */,
			);
			fileSystemSynchronizedGroups = (
				EBA16A602D8A799E0082248B /* BSDLinkUITests */,
			);
			name = BSDLinkUITests;
			packageProductDependencies = (
			);
			productName = BSDLinkUITests;
			productReference = EBA16A5D2D8A799E0082248B /* BSDLinkUITests.xctest */;
			productType = "com.apple.product-type.bundle.ui-testing";
		};
/* End PBXNativeTarget section */

/* Begin PBXProject section */
		EBA16A3B2D8A799D0082248B /* Project object */ = {
			isa = PBXProject;
			attributes = {
				BuildIndependentTargetsInParallel = 1;
				LastSwiftUpdateCheck = 1620;
				LastUpgradeCheck = 1620;
				TargetAttributes = {
					EBA16A422D8A799D0082248B = {
						CreatedOnToolsVersion = 16.2;
					};
					EBA16A522D8A799E0082248B = {
						CreatedOnToolsVersion = 16.2;
						TestTargetID = EBA16A422D8A799D0082248B;
					};
					EBA16A5C2D8A799E0082248B = {
						CreatedOnToolsVersion = 16.2;
						TestTargetID = EBA16A422D8A799D0082248B;
					};
				};
			};
			buildConfigurationList = EBA16A3E2D8A799D0082248B /* Build configuration list for PBXProject "BSDLink" */;
			developmentRegion = en;
			hasScannedForEncodings = 0;
			knownRegions = (
				en,
				Base,
			);
			mainGroup = EBA16A3A2D8A799D0082248B;
			minimizedProjectReferenceProxies = 1;
			preferredProjectObjectVersion = 77;
			productRefGroup = EBA16A442D8A799D0082248B /* Products */;
			projectDirPath = "";
			projectRoot = "";
			targets = (
				EBA16A422D8A799D0082248B /* BSDLink */,
				EBA16A522D8A799E0082248B /* BSDLinkTests */,
				EBA16A5C2D8A799E0082248B /* BSDLinkUITests */,
			);
		};
/* End PBXProject section */

/* Begin PBXResourcesBuildPhase section */
		EBA16A412D8A799D0082248B /* Resources */ = {
			isa = PBXResourcesBuildPhase;
			buildActionMask = 2147483647;
			files = (
			);
			runOnlyForDeploymentPostprocessing = 0;
		};
		EBA16A512D8A799E0082248B /* Resources */ = {
			isa = PBXResourcesBuildPhase;
			buildActionMask = 2147483647;
			files = (
			);
			runOnlyForDeploymentPostprocessing = 0;
		};
		EBA16A5B2D8A799E0082248B /* Resources */ = {
			isa = PBXResourcesBuildPhase;
			buildActionMask = 2147483647;
			files = (
			);
			runOnlyForDeploymentPostprocessing = 0;
		};
/* End PBXResourcesBuildPhase section */

/* Begin PBXSourcesBuildPhase section */
		EBA16A3F2D8A799D0082248B /* Sources */ = {
			isa = PBXSourcesBuildPhase;
			buildActionMask = 2147483647;
			files = (
			);
			runOnlyForDeploymentPostprocessing = 0;
		};
		EBA16A4F2D8A799E0082248B /* Sources */ = {
			isa = PBXSourcesBuildPhase;
			buildActionMask = 2147483647;
			files = (
			);
			runOnlyForDeploymentPostprocessing = 0;
		};
		EBA16A592D8A799E0082248B /* Sources */ = {
			isa = PBXSourcesBuildPhase;
			buildActionMask = 2147483647;
			files = (
			);
			runOnlyForDeploymentPostprocessing = 0;
		};
/* End PBXSourcesBuildPhase section */

/* Begin PBXTargetDependency section */
		EBA16A552D8A799E0082248B /* PBXTargetDependency */ = {
			isa = PBXTargetDependency;
			target = EBA16A422D8A799D0082248B /* BSDLink */;
			targetProxy = EBA16A542D8A799E0082248B /* PBXContainerItemProxy */;
		};
		EBA16A5F2D8A799E0082248B /* PBXTargetDependency */ = {
			isa = PBXTargetDependency;
			target = EBA16A422D8A799D0082248B /* BSDLink */;
			targetProxy = EBA16A5E2D8A799E0082248B /* PBXContainerItemProxy */;
		};
/* End PBXTargetDependency section */

/* Begin XCBuildConfiguration section */
		EBA16A652D8A799E0082248B /* Debug */ = {
			isa = XCBuildConfiguration;
			buildSettings = {
				ALWAYS_SEARCH_USER_PATHS = NO;
				ASSETCATALOG_COMPILER_GENERATE_SWIFT_ASSET_SYMBOL_EXTENSIONS = YES;
				CLANG_ANALYZER_NONNULL = YES;
				CLANG_ANALYZER_NUMBER_OBJECT_CONVERSION = YES_AGGRESSIVE;
				CLANG_CXX_LANGUAGE_STANDARD = "gnu++20";
				CLANG_ENABLE_MODULES = YES;
				CLANG_ENABLE_OBJC_ARC = YES;
				CLANG_ENABLE_OBJC_WEAK = YES;
				CLANG_WARN_BLOCK_CAPTURE_AUTORELEASING = YES;
				CLANG_WARN_BOOL_CONVERSION = YES;
				CLANG_WARN_COMMA = YES;
				CLANG_WARN_CONSTANT_CONVERSION = YES;
				CLANG_WARN_DEPRECATED_OBJC_IMPLEMENTATIONS = YES;
				CLANG_WARN_DIRECT_OBJC_ISA_USAGE = YES_ERROR;
				CLANG_WARN_DOCUMENTATION_COMMENTS = YES;
				CLANG_WARN_EMPTY_BODY = YES;
				CLANG_WARN_ENUM_CONVERSION = YES;
				CLANG_WARN_INFINITE_RECURSION = YES;
				CLANG_WARN_INT_CONVERSION = YES;
				CLANG_WARN_NON_LITERAL_NULL_CONVERSION = YES;
				CLANG_WARN_OBJC_IMPLICIT_RETAIN_SELF = YES;
				CLANG_WARN_OBJC_LITERAL_CONVERSION = YES;
				CLANG_WARN_OBJC_ROOT_CLASS = YES_ERROR;
				CLANG_WARN_QUOTED_INCLUDE_IN_FRAMEWORK_HEADER = YES;
				CLANG_WARN_RANGE_LOOP_ANALYSIS = YES;
				CLANG_WARN_STRICT_PROTOTYPES = YES;
				CLANG_WARN_SUSPICIOUS_MOVE = YES;
				CLANG_WARN_UNGUARDED_AVAILABILITY = YES_AGGRESSIVE;
				CLANG_WARN_UNREACHABLE_CODE = YES;
				CLANG_WARN__DUPLICATE_METHOD_MATCH = YES;
				COPY_PHASE_STRIP = NO;
				DEBUG_INFORMATION_FORMAT = dwarf;
				ENABLE_STRICT_OBJC_MSGSEND = YES;
				ENABLE_TESTABILITY = YES;
				ENABLE_USER_SCRIPT_SANDBOXING = YES;
				GCC_C_LANGUAGE_STANDARD = gnu17;
				GCC_DYNAMIC_NO_PIC = NO;
				GCC_NO_COMMON_BLOCKS = YES;
				GCC_OPTIMIZATION_LEVEL = 0;
				GCC_PREPROCESSOR_DEFINITIONS = (
					"DEBUG=1",
					"$(inherited)",
				);
				GCC_WARN_64_TO_32_BIT_CONVERSION = YES;
				GCC_WARN_ABOUT_RETURN_TYPE = YES_ERROR;
				GCC_WARN_UNDECLARED_SELECTOR = YES;
				GCC_WARN_UNINITIALIZED_AUTOS = YES_AGGRESSIVE;
				GCC_WARN_UNUSED_FUNCTION = YES;
				GCC_WARN_UNUSED_VARIABLE = YES;
				IPHONEOS_DEPLOYMENT_TARGET = 18.2;
				LOCALIZATION_PREFERS_STRING_CATALOGS = YES;
				MTL_ENABLE_DEBUG_INFO = INCLUDE_SOURCE;
				MTL_FAST_MATH = YES;
				ONLY_ACTIVE_ARCH = YES;
				SDKROOT = iphoneos;
				SWIFT_ACTIVE_COMPILATION_CONDITIONS = "DEBUG $(inherited)";
				SWIFT_OPTIMIZATION_LEVEL = "-Onone";
			};
			name = Debug;
		};
		EBA16A662D8A799E0082248B /* Release */ = {
			isa = XCBuildConfiguration;
			buildSettings = {
				ALWAYS_SEARCH_USER_PATHS = NO;
				ASSETCATALOG_COMPILER_GENERATE_SWIFT_ASSET_SYMBOL_EXTENSIONS = YES;
				CLANG_ANALYZER_NONNULL = YES;
				CLANG_ANALYZER_NUMBER_OBJECT_CONVERSION = YES_AGGRESSIVE;
				CLANG_CXX_LANGUAGE_STANDARD = "gnu++20";
				CLANG_ENABLE_MODULES = YES;
				CLANG_ENABLE_OBJC_ARC = YES;
				CLANG_ENABLE_OBJC_WEAK = YES;
				CLANG_WARN_BLOCK_CAPTURE_AUTORELEASING = YES;
				CLANG_WARN_BOOL_CONVERSION = YES;
				CLANG_WARN_COMMA = YES;
				CLANG_WARN_CONSTANT_CONVERSION = YES;
				CLANG_WARN_DEPRECATED_OBJC_IMPLEMENTATIONS = YES;
				CLANG_WARN_DIRECT_OBJC_ISA_USAGE = YES_ERROR;
				CLANG_WARN_DOCUMENTATION_COMMENTS = YES;
				CLANG_WARN_EMPTY_BODY = YES;
				CLANG_WARN_ENUM_CONVERSION = YES;
				CLANG_WARN_INFINITE_RECURSION = YES;
				CLANG_WARN_INT_CONVERSION = YES;
				CLANG_WARN_NON_LITERAL_NULL_CONVERSION = YES;
				CLANG_WARN_OBJC_IMPLICIT_RETAIN_SELF = YES;
				CLANG_WARN_OBJC_LITERAL_CONVERSION = YES;
				CLANG_WARN_OBJC_ROOT_CLASS = YES_ERROR;
				CLANG_WARN_QUOTED_INCLUDE_IN_FRAMEWORK_HEADER = YES;
				CLANG_WARN_RANGE_LOOP_ANALYSIS = YES;
				CLANG_WARN_STRICT_PROTOTYPES = YES;
				CLANG_WARN_SUSPICIOUS_MOVE = YES;
				CLANG_WARN_UNGUARDED_AVAILABILITY = YES_AGGRESSIVE;
				CLANG_WARN_UNREACHABLE_CODE = YES;
				CLANG_WARN__DUPLICATE_METHOD_MATCH = YES;
				COPY_PHASE_STRIP = NO;
				DEBUG_INFORMATION_FORMAT = "dwarf-with-dsym";
				ENABLE_NS_ASSERTIONS = NO;
				ENABLE_STRICT_OBJC_MSGSEND = YES;
				ENABLE_USER_SCRIPT_SANDBOXING = YES;
				GCC_C_LANGUAGE_STANDARD = gnu17;
				GCC_NO_COMMON_BLOCKS = YES;
				GCC_WARN_64_TO_32_BIT_CONVERSION = YES;
				GCC_WARN_ABOUT_RETURN_TYPE = YES_ERROR;
				GCC_WARN_UNDECLARED_SELECTOR = YES;
				GCC_WARN_UNINITIALIZED_AUTOS = YES_AGGRESSIVE;
				GCC_WARN_UNUSED_FUNCTION = YES;
				GCC_WARN_UNUSED_VARIABLE = YES;
				IPHONEOS_DEPLOYMENT_TARGET = 18.2;
				LOCALIZATION_PREFERS_STRING_CATALOGS = YES;
				MTL_ENABLE_DEBUG_INFO = NO;
				MTL_FAST_MATH = YES;
				SDKROOT = iphoneos;
				SWIFT_COMPILATION_MODE = wholemodule;
				VALIDATE_PRODUCT = YES;
			};
			name = Release;
		};
		EBA16A682D8A799E0082248B /* Debug */ = {
			isa = XCBuildConfiguration;
			buildSettings = {
				ASSETCATALOG_COMPILER_APPICON_NAME = AppIcon;
				ASSETCATALOG_COMPILER_GLOBAL_ACCENT_COLOR_NAME = AccentColor;
				CODE_SIGN_STYLE = Automatic;
				CURRENT_PROJECT_VERSION = 1;
				DEVELOPMENT_ASSET_PATHS = "\"BSDLink/Preview Content\"";
				DEVELOPMENT_TEAM = K4DX7TQK79;
				ENABLE_PREVIEWS = YES;
				GENERATE_INFOPLIST_FILE = YES;
				INFOPLIST_KEY_CFBundleDisplayName = EaseLinked;
				INFOPLIST_KEY_NSLocationWhenInUseUsageDescription = "We need the location to show it on the map.";
				INFOPLIST_KEY_UIApplicationSceneManifest_Generation = YES;
				INFOPLIST_KEY_UIApplicationSupportsIndirectInputEvents = YES;
				INFOPLIST_KEY_UILaunchScreen_Generation = YES;
				INFOPLIST_KEY_UISupportedInterfaceOrientations_iPad = "UIInterfaceOrientationPortrait UIInterfaceOrientationPortraitUpsideDown UIInterfaceOrientationLandscapeLeft UIInterfaceOrientationLandscapeRight";
				INFOPLIST_KEY_UISupportedInterfaceOrientations_iPhone = "UIInterfaceOrientationPortrait UIInterfaceOrientationLandscapeLeft UIInterfaceOrientationLandscapeRight";
				LD_RUNPATH_SEARCH_PATHS = (
					"$(inherited)",
					"@executable_path/Frameworks",
				);
				MARKETING_VERSION = 1.0;
				PRODUCT_BUNDLE_IDENTIFIER = com.brayen.BSDLink;
				PRODUCT_NAME = "$(TARGET_NAME)";
				SWIFT_EMIT_LOC_STRINGS = YES;
				SWIFT_VERSION = 5.0;
				TARGETED_DEVICE_FAMILY = "1,2";
			};
			name = Debug;
		};
		EBA16A692D8A799E0082248B /* Release */ = {
			isa = XCBuildConfiguration;
			buildSettings = {
				ASSETCATALOG_COMPILER_APPICON_NAME = AppIcon;
				ASSETCATALOG_COMPILER_GLOBAL_ACCENT_COLOR_NAME = AccentColor;
				CODE_SIGN_STYLE = Automatic;
				CURRENT_PROJECT_VERSION = 1;
				DEVELOPMENT_ASSET_PATHS = "\"BSDLink/Preview Content\"";
				DEVELOPMENT_TEAM = K4DX7TQK79;
				ENABLE_PREVIEWS = YES;
				GENERATE_INFOPLIST_FILE = YES;
				INFOPLIST_KEY_CFBundleDisplayName = EaseLinked;
				INFOPLIST_KEY_NSLocationWhenInUseUsageDescription = "We need the location to show it on the map.";
				INFOPLIST_KEY_UIApplicationSceneManifest_Generation = YES;
				INFOPLIST_KEY_UIApplicationSupportsIndirectInputEvents = YES;
				INFOPLIST_KEY_UILaunchScreen_Generation = YES;
				INFOPLIST_KEY_UISupportedInterfaceOrientations_iPad = "UIInterfaceOrientationPortrait UIInterfaceOrientationPortraitUpsideDown UIInterfaceOrientationLandscapeLeft UIInterfaceOrientationLandscapeRight";
				INFOPLIST_KEY_UISupportedInterfaceOrientations_iPhone = "UIInterfaceOrientationPortrait UIInterfaceOrientationLandscapeLeft UIInterfaceOrientationLandscapeRight";
				LD_RUNPATH_SEARCH_PATHS = (
					"$(inherited)",
					"@executable_path/Frameworks",
				);
				MARKETING_VERSION = 1.0;
				PRODUCT_BUNDLE_IDENTIFIER = com.brayen.BSDLink;
				PRODUCT_NAME = "$(TARGET_NAME)";
				SWIFT_EMIT_LOC_STRINGS = YES;
				SWIFT_VERSION = 5.0;
				TARGETED_DEVICE_FAMILY = "1,2";
			};
			name = Release;
		};
		EBA16A6B2D8A799E0082248B /* Debug */ = {
			isa = XCBuildConfiguration;
			buildSettings = {
				BUNDLE_LOADER = "$(TEST_HOST)";
				CODE_SIGN_STYLE = Automatic;
				CURRENT_PROJECT_VERSION = 1;
				GENERATE_INFOPLIST_FILE = YES;
				IPHONEOS_DEPLOYMENT_TARGET = 18.2;
				MARKETING_VERSION = 1.0;
				PRODUCT_BUNDLE_IDENTIFIER = com.azalia.BSDLinkTests;
				PRODUCT_NAME = "$(TARGET_NAME)";
				SWIFT_EMIT_LOC_STRINGS = NO;
				SWIFT_VERSION = 5.0;
				TARGETED_DEVICE_FAMILY = "1,2";
				TEST_HOST = "$(BUILT_PRODUCTS_DIR)/BSDLink.app/$(BUNDLE_EXECUTABLE_FOLDER_PATH)/BSDLink";
			};
			name = Debug;
		};
		EBA16A6C2D8A799E0082248B /* Release */ = {
			isa = XCBuildConfiguration;
			buildSettings = {
				BUNDLE_LOADER = "$(TEST_HOST)";
				CODE_SIGN_STYLE = Automatic;
				CURRENT_PROJECT_VERSION = 1;
				GENERATE_INFOPLIST_FILE = YES;
				IPHONEOS_DEPLOYMENT_TARGET = 18.2;
				MARKETING_VERSION = 1.0;
				PRODUCT_BUNDLE_IDENTIFIER = com.azalia.BSDLinkTests;
				PRODUCT_NAME = "$(TARGET_NAME)";
				SWIFT_EMIT_LOC_STRINGS = NO;
				SWIFT_VERSION = 5.0;
				TARGETED_DEVICE_FAMILY = "1,2";
				TEST_HOST = "$(BUILT_PRODUCTS_DIR)/BSDLink.app/$(BUNDLE_EXECUTABLE_FOLDER_PATH)/BSDLink";
			};
			name = Release;
		};
		EBA16A6E2D8A799E0082248B /* Debug */ = {
			isa = XCBuildConfiguration;
			buildSettings = {
				CODE_SIGN_STYLE = Automatic;
				CURRENT_PROJECT_VERSION = 1;
				GENERATE_INFOPLIST_FILE = YES;
				MARKETING_VERSION = 1.0;
				PRODUCT_BUNDLE_IDENTIFIER = com.azalia.BSDLinkUITests;
				PRODUCT_NAME = "$(TARGET_NAME)";
				SWIFT_EMIT_LOC_STRINGS = NO;
				SWIFT_VERSION = 5.0;
				TARGETED_DEVICE_FAMILY = "1,2";
				TEST_TARGET_NAME = BSDLink;
			};
			name = Debug;
		};
		EBA16A6F2D8A799E0082248B /* Release */ = {
			isa = XCBuildConfiguration;
			buildSettings = {
				CODE_SIGN_STYLE = Automatic;
				CURRENT_PROJECT_VERSION = 1;
				GENERATE_INFOPLIST_FILE = YES;
				MARKETING_VERSION = 1.0;
				PRODUCT_BUNDLE_IDENTIFIER = com.azalia.BSDLinkUITests;
				PRODUCT_NAME = "$(TARGET_NAME)";
				SWIFT_EMIT_LOC_STRINGS = NO;
				SWIFT_VERSION = 5.0;
				TARGETED_DEVICE_FAMILY = "1,2";
				TEST_TARGET_NAME = BSDLink;
			};
			name = Release;
		};
/* End XCBuildConfiguration section */

/* Begin XCConfigurationList section */
		EBA16A3E2D8A799D0082248B /* Build configuration list for PBXProject "BSDLink" */ = {
			isa = XCConfigurationList;
			buildConfigurations = (
				EBA16A652D8A799E0082248B /* Debug */,
				EBA16A662D8A799E0082248B /* Release */,
			);
			defaultConfigurationIsVisible = 0;
			defaultConfigurationName = Release;
		};
		EBA16A672D8A799E0082248B /* Build configuration list for PBXNativeTarget "BSDLink" */ = {
			isa = XCConfigurationList;
			buildConfigurations = (
				EBA16A682D8A799E0082248B /* Debug */,
				EBA16A692D8A799E0082248B /* Release */,
			);
			defaultConfigurationIsVisible = 0;
			defaultConfigurationName = Release;
		};
		EBA16A6A2D8A799E0082248B /* Build configuration list for PBXNativeTarget "BSDLinkTests" */ = {
			isa = XCConfigurationList;
			buildConfigurations = (
				EBA16A6B2D8A799E0082248B /* Debug */,
				EBA16A6C2D8A799E0082248B /* Release */,
			);
			defaultConfigurationIsVisible = 0;
			defaultConfigurationName = Release;
		};
		EBA16A6D2D8A799E0082248B /* Build configuration list for PBXNativeTarget "BSDLinkUITests" */ = {
			isa = XCConfigurationList;
			buildConfigurations = (
				EBA16A6E2D8A799E0082248B /* Debug */,
				EBA16A6F2D8A799E0082248B /* Release */,
			);
			defaultConfigurationIsVisible = 0;
			defaultConfigurationName = Release;
		};
/* End XCConfigurationList section */
	};
	rootObject = EBA16A3B2D8A799D0082248B /* Project object */;
}
